
Microsoft Visual Studio Solution File, Format Version 12.00
# Visual Studio Version 16
VisualStudioVersion = 16.0.30011.22
MinimumVisualStudioVersion = 10.0.40219.1
Project("{FAE04EC0-301F-11D3-BF4B-00C04F79EFBC}") = "HackerNews", "HackerNews.csproj", "{87DC5C23-C96E-4FDE-917F-10C1B4D51A1C}"
EndProject
Global
	GlobalSection(SolutionConfigurationPlatforms) = preSolution
		Debug|Any CPU = Debug|Any CPU
		Release|Any CPU = Release|Any CPU
	EndGlobalSection
	GlobalSection(ProjectConfigurationPlatforms) = postSolution
		{87DC5C23-C96E-4FDE-917F-10C1B4D51A1C}.Debug|Any CPU.ActiveCfg = Debug|Any CPU
		{87DC5C23-C96E-4FDE-917F-10C1B4D51A1C}.Debug|Any CPU.Build.0 = Debug|Any CPU
		{87DC5C23-C96E-4FDE-917F-10C1B4D51A1C}.Release|Any CPU.ActiveCfg = Release|Any CPU
		{87DC5C23-C96E-4FDE-917F-10C1B4D51A1C}.Release|Any CPU.Build.0 = Release|Any CPU
	EndGlobalSection
	GlobalSection(SolutionProperties) = preSolution
		HideSolutionNode = FALSE
	EndGlobalSection
	GlobalSection(ExtensibilityGlobals) = postSolution
		SolutionGuid = {4C99C862-C4EB-4BEB-B12E-2B87043C4E24}
	EndGlobalSection
EndGlobal
